
Microsoft Visual Studio Solution File, Format Version 12.00
# Visual Studio Version 16
VisualStudioVersion = 16.0.31911.196
MinimumVisualStudioVersion = 10.0.40219.1
Project("{8BC9CEB8-8B4A-11D0-8D11-00A0C91BC942}") = "Summation of any kind of series", "Summation of any kind of series.vcxproj", "{D9505A36-4F5B-4204-B7C5-3AFD421DBEF7}"
EndProject
Global
	GlobalSection(SolutionConfigurationPlatforms) = preSolution
		Debug|x64 = Debug|x64
		Debug|x86 = Debug|x86
		Release|x64 = Release|x64
		Release|x86 = Release|x86
	EndGlobalSection
	GlobalSection(ProjectConfigurationPlatforms) = postSolution
		{D9505A36-4F5B-4204-B7C5-3AFD421DBEF7}.Debug|x64.ActiveCfg = Debug|x64
		{D9505A36-4F5B-4204-B7C5-3AFD421DBEF7}.Debug|x64.Build.0 = Debug|x64
		{D9505A36-4F5B-4204-B7C5-3AFD421DBEF7}.Debug|x86.ActiveCfg = Debug|Win32
		{D9505A36-4F5B-4204-B7C5-3AFD421DBEF7}.Debug|x86.Build.0 = Debug|Win32
		{D9505A36-4F5B-4204-B7C5-3AFD421DBEF7}.Release|x64.ActiveCfg = Release|x64
		{D9505A36-4F5B-4204-B7C5-3AFD421DBEF7}.Release|x64.Build.0 = Release|x64
		{D9505A36-4F5B-4204-B7C5-3AFD421DBEF7}.Release|x86.ActiveCfg = Release|Win32
		{D9505A36-4F5B-4204-B7C5-3AFD421DBEF7}.Release|x86.Build.0 = Release|Win32
	EndGlobalSection
	GlobalSection(SolutionProperties) = preSolution
		HideSolutionNode = FALSE
	EndGlobalSection
	GlobalSection(ExtensibilityGlobals) = postSolution
		SolutionGuid = {7A9E3A23-991B-4A40-83BD-7EB868610339}
	EndGlobalSection
EndGlobal
